// !$*UTF8*$!
{
	archiveVersion = 1;
	classes = {
	};
	objectVersion = 56;
	objects = {

/* Begin PBXBuildFile section */
		CA68294729E4F2970070B906 /* Apple_FrameworksApp.swift in Sources */ = {isa = PBXBuildFile; fileRef = CA68294629E4F2970070B906 /* Apple_FrameworksApp.swift */; };
		CA68294B29E4F2980070B906 /* Assets.xcassets in Resources */ = {isa = PBXBuildFile; fileRef = CA68294A29E4F2980070B906 /* Assets.xcassets */; };
		CA68294E29E4F2980070B906 /* Preview Assets.xcassets in Resources */ = {isa = PBXBuildFile; fileRef = CA68294D29E4F2980070B906 /* Preview Assets.xcassets */; };
		CA68295529E4F2CC0070B906 /* Framework.swift in Sources */ = {isa = PBXBuildFile; fileRef = CA68295429E4F2CC0070B906 /* Framework.swift */; };
		CA68295B29E4F4850070B906 /* FrameworkGridView.swift in Sources */ = {isa = PBXBuildFile; fileRef = CA68295A29E4F4850070B906 /* FrameworkGridView.swift */; };
		CA68295D29E5086D0070B906 /* FrameworkDetailView.swift in Sources */ = {isa = PBXBuildFile; fileRef = CA68295C29E5086D0070B906 /* FrameworkDetailView.swift */; };
		CA68295F29E50A370070B906 /* AFButton.swift in Sources */ = {isa = PBXBuildFile; fileRef = CA68295E29E50A370070B906 /* AFButton.swift */; };
		CA68296129E50F380070B906 /* FrameworkGridViewModel.swift in Sources */ = {isa = PBXBuildFile; fileRef = CA68296029E50F380070B906 /* FrameworkGridViewModel.swift */; };
		CA68296329E5141F0070B906 /* SafariView.swift in Sources */ = {isa = PBXBuildFile; fileRef = CA68296229E5141F0070B906 /* SafariView.swift */; };
		CA68296529E517AE0070B906 /* FrameworkItemView.swift in Sources */ = {isa = PBXBuildFile; fileRef = CA68296429E517AE0070B906 /* FrameworkItemView.swift */; };
		CA68296729E5181A0070B906 /* XDismissButton.swift in Sources */ = {isa = PBXBuildFile; fileRef = CA68296629E5181A0070B906 /* XDismissButton.swift */; };
/* End PBXBuildFile section */

/* Begin PBXFileReference section */
		CA68294329E4F2970070B906 /* Apple-Frameworks.app */ = {isa = PBXFileReference; explicitFileType = wrapper.application; includeInIndex = 0; path = "Apple-Frameworks.app"; sourceTree = BUILT_PRODUCTS_DIR; };
		CA68294629E4F2970070B906 /* Apple_FrameworksApp.swift */ = {isa = PBXFileReference; lastKnownFileType = sourcecode.swift; path = Apple_FrameworksApp.swift; sourceTree = "<group>"; };
		CA68294A29E4F2980070B906 /* Assets.xcassets */ = {isa = PBXFileReference; lastKnownFileType = folder.assetcatalog; path = Assets.xcassets; sourceTree = "<group>"; };
		CA68294D29E4F2980070B906 /* Preview Assets.xcassets */ = {isa = PBXFileReference; lastKnownFileType = folder.assetcatalog; path = "Preview Assets.xcassets"; sourceTree = "<group>"; };
		CA68295429E4F2CC0070B906 /* Framework.swift */ = {isa = PBXFileReference; lastKnownFileType = sourcecode.swift; path = Framework.swift; sourceTree = "<group>"; };
		CA68295A29E4F4850070B906 /* FrameworkGridView.swift */ = {isa = PBXFileReference; lastKnownFileType = sourcecode.swift; path = FrameworkGridView.swift; sourceTree = "<group>"; };
		CA68295C29E5086D0070B906 /* FrameworkDetailView.swift */ = {isa = PBXFileReference; lastKnownFileType = sourcecode.swift; path = FrameworkDetailView.swift; sourceTree = "<group>"; };
		CA68295E29E50A370070B906 /* AFButton.swift */ = {isa = PBXFileReference; lastKnownFileType = sourcecode.swift; path = AFButton.swift; sourceTree = "<group>"; };
		CA68296029E50F380070B906 /* FrameworkGridViewModel.swift */ = {isa = PBXFileReference; lastKnownFileType = sourcecode.swift; path = FrameworkGridViewModel.swift; sourceTree = "<group>"; };
		CA68296229E5141F0070B906 /* SafariView.swift */ = {isa = PBXFileReference; lastKnownFileType = sourcecode.swift; path = SafariView.swift; sourceTree = "<group>"; };
		CA68296429E517AE0070B906 /* FrameworkItemView.swift */ = {isa = PBXFileReference; lastKnownFileType = sourcecode.swift; path = FrameworkItemView.swift; sourceTree = "<group>"; };
		CA68296629E5181A0070B906 /* XDismissButton.swift */ = {isa = PBXFileReference; lastKnownFileType = sourcecode.swift; path = XDismissButton.swift; sourceTree = "<group>"; };
/* End PBXFileReference section */

/* Begin PBXFrameworksBuildPhase section */
		CA68294029E4F2970070B906 /* Frameworks */ = {
			isa = PBXFrameworksBuildPhase;
			buildActionMask = 2147483647;
			files = (
			);
			runOnlyForDeploymentPostprocessing = 0;
		};
/* End PBXFrameworksBuildPhase section */

/* Begin PBXGroup section */
		CA68293A29E4F2970070B906 = {
			isa = PBXGroup;
			children = (
				CA68294529E4F2970070B906 /* Apple-Frameworks */,
				CA68294429E4F2970070B906 /* Products */,
			);
			sourceTree = "<group>";
		};
		CA68294429E4F2970070B906 /* Products */ = {
			isa = PBXGroup;
			children = (
				CA68294329E4F2970070B906 /* Apple-Frameworks.app */,
			);
			name = Products;
			sourceTree = "<group>";
		};
		CA68294529E4F2970070B906 /* Apple-Frameworks */ = {
			isa = PBXGroup;
			children = (
				CA68297029E519FD0070B906 /* UIKit Components */,
				CA68295629E4F3E50070B906 /* Views */,
				CA68295729E4F3F00070B906 /* Model */,
				CA68296A29E519210070B906 /* Screens */,
				CA68294629E4F2970070B906 /* Apple_FrameworksApp.swift */,
				CA68294A29E4F2980070B906 /* Assets.xcassets */,
				CA68294C29E4F2980070B906 /* Preview Content */,
			);
			path = "Apple-Frameworks";
			sourceTree = "<group>";
		};
		CA68294C29E4F2980070B906 /* Preview Content */ = {
			isa = PBXGroup;
			children = (
				CA68294D29E4F2980070B906 /* Preview Assets.xcassets */,
			);
			path = "Preview Content";
			sourceTree = "<group>";
		};
		CA68295629E4F3E50070B906 /* Views */ = {
			isa = PBXGroup;
			children = (
				CA68296F29E519E80070B906 /* View */,
				CA68296E29E519C60070B906 /* Buttons */,
			);
			path = Views;
			sourceTree = "<group>";
		};
		CA68295729E4F3F00070B906 /* Model */ = {
			isa = PBXGroup;
			children = (
				CA68295429E4F2CC0070B906 /* Framework.swift */,
			);
			path = Model;
			sourceTree = "<group>";
		};
		CA68296A29E519210070B906 /* Screens */ = {
			isa = PBXGroup;
			children = (
				CA68296B29E519340070B906 /* FrameworkGridView */,
				CA68296C29E519600070B906 /* FrameworkDetailView */,
			);
			path = Screens;
			sourceTree = "<group>";
		};
		CA68296B29E519340070B906 /* FrameworkGridView */ = {
			isa = PBXGroup;
			children = (
				CA68296029E50F380070B906 /* FrameworkGridViewModel.swift */,
				CA68295A29E4F4850070B906 /* FrameworkGridView.swift */,
			);
			path = FrameworkGridView;
			sourceTree = "<group>";
		};
		CA68296C29E519600070B906 /* FrameworkDetailView */ = {
			isa = PBXGroup;
			children = (
				CA68295C29E5086D0070B906 /* FrameworkDetailView.swift */,
			);
			path = FrameworkDetailView;
			sourceTree = "<group>";
		};
		CA68296E29E519C60070B906 /* Buttons */ = {
			isa = PBXGroup;
			children = (
				CA68295E29E50A370070B906 /* AFButton.swift */,
				CA68296629E5181A0070B906 /* XDismissButton.swift */,
			);
			path = Buttons;
			sourceTree = "<group>";
		};
		CA68296F29E519E80070B906 /* View */ = {
			isa = PBXGroup;
			children = (
				CA68296429E517AE0070B906 /* FrameworkItemView.swift */,
			);
			path = View;
			sourceTree = "<group>";
		};
		CA68297029E519FD0070B906 /* UIKit Components */ = {
			isa = PBXGroup;
			children = (
				CA68296229E5141F0070B906 /* SafariView.swift */,
			);
			path = "UIKit Components";
			sourceTree = "<group>";
		};
/* End PBXGroup section */

/* Begin PBXNativeTarget section */
		CA68294229E4F2970070B906 /* Apple-Frameworks */ = {
			isa = PBXNativeTarget;
			buildConfigurationList = CA68295129E4F2980070B906 /* Build configuration list for PBXNativeTarget "Apple-Frameworks" */;
			buildPhases = (
				CA68293F29E4F2970070B906 /* Sources */,
				CA68294029E4F2970070B906 /* Frameworks */,
				CA68294129E4F2970070B906 /* Resources */,
			);
			buildRules = (
			);
			dependencies = (
			);
			name = "Apple-Frameworks";
			productName = "Apple-Frameworks";
			productReference = CA68294329E4F2970070B906 /* Apple-Frameworks.app */;
			productType = "com.apple.product-type.application";
		};
/* End PBXNativeTarget section */

/* Begin PBXProject section */
		CA68293B29E4F2970070B906 /* Project object */ = {
			isa = PBXProject;
			attributes = {
				BuildIndependentTargetsInParallel = 1;
				LastSwiftUpdateCheck = 1430;
				LastUpgradeCheck = 1430;
				TargetAttributes = {
					CA68294229E4F2970070B906 = {
						CreatedOnToolsVersion = 14.3;
					};
				};
			};
			buildConfigurationList = CA68293E29E4F2970070B906 /* Build configuration list for PBXProject "Apple-Frameworks" */;
			compatibilityVersion = "Xcode 14.0";
			developmentRegion = en;
			hasScannedForEncodings = 0;
			knownRegions = (
				en,
				Base,
			);
			mainGroup = CA68293A29E4F2970070B906;
			productRefGroup = CA68294429E4F2970070B906 /* Products */;
			projectDirPath = "";
			projectRoot = "";
			targets = (
				CA68294229E4F2970070B906 /* Apple-Frameworks */,
			);
		};
/* End PBXProject section */

/* Begin PBXResourcesBuildPhase section */
		CA68294129E4F2970070B906 /* Resources */ = {
			isa = PBXResourcesBuildPhase;
			buildActionMask = 2147483647;
			files = (
				CA68294E29E4F2980070B906 /* Preview Assets.xcassets in Resources */,
				CA68294B29E4F2980070B906 /* Assets.xcassets in Resources */,
			);
			runOnlyForDeploymentPostprocessing = 0;
		};
/* End PBXResourcesBuildPhase section */

/* Begin PBXSourcesBuildPhase section */
		CA68293F29E4F2970070B906 /* Sources */ = {
			isa = PBXSourcesBuildPhase;
			buildActionMask = 2147483647;
			files = (
				CA68295D29E5086D0070B906 /* FrameworkDetailView.swift in Sources */,
				CA68295B29E4F4850070B906 /* FrameworkGridView.swift in Sources */,
				CA68296729E5181A0070B906 /* XDismissButton.swift in Sources */,
				CA68296529E517AE0070B906 /* FrameworkItemView.swift in Sources */,
				CA68295529E4F2CC0070B906 /* Framework.swift in Sources */,
				CA68295F29E50A370070B906 /* AFButton.swift in Sources */,
				CA68294729E4F2970070B906 /* Apple_FrameworksApp.swift in Sources */,
				CA68296129E50F380070B906 /* FrameworkGridViewModel.swift in Sources */,
				CA68296329E5141F0070B906 /* SafariView.swift in Sources */,
			);
			runOnlyForDeploymentPostprocessing = 0;
		};
/* End PBXSourcesBuildPhase section */

/* Begin XCBuildConfiguration section */
		CA68294F29E4F2980070B906 /* Debug */ = {
			isa = XCBuildConfiguration;
			buildSettings = {
				ALWAYS_SEARCH_USER_PATHS = NO;
				CLANG_ANALYZER_NONNULL = YES;
				CLANG_ANALYZER_NUMBER_OBJECT_CONVERSION = YES_AGGRESSIVE;
				CLANG_CXX_LANGUAGE_STANDARD = "gnu++20";
				CLANG_ENABLE_MODULES = YES;
				CLANG_ENABLE_OBJC_ARC = YES;
				CLANG_ENABLE_OBJC_WEAK = YES;
				CLANG_WARN_BLOCK_CAPTURE_AUTORELEASING = YES;
				CLANG_WARN_BOOL_CONVERSION = YES;
				CLANG_WARN_COMMA = YES;
				CLANG_WARN_CONSTANT_CONVERSION = YES;
				CLANG_WARN_DEPRECATED_OBJC_IMPLEMENTATIONS = YES;
				CLANG_WARN_DIRECT_OBJC_ISA_USAGE = YES_ERROR;
				CLANG_WARN_DOCUMENTATION_COMMENTS = YES;
				CLANG_WARN_EMPTY_BODY = YES;
				CLANG_WARN_ENUM_CONVERSION = YES;
				CLANG_WARN_INFINITE_RECURSION = YES;
				CLANG_WARN_INT_CONVERSION = YES;
				CLANG_WARN_NON_LITERAL_NULL_CONVERSION = YES;
				CLANG_WARN_OBJC_IMPLICIT_RETAIN_SELF = YES;
				CLANG_WARN_OBJC_LITERAL_CONVERSION = YES;
				CLANG_WARN_OBJC_ROOT_CLASS = YES_ERROR;
				CLANG_WARN_QUOTED_INCLUDE_IN_FRAMEWORK_HEADER = YES;
				CLANG_WARN_RANGE_LOOP_ANALYSIS = YES;
				CLANG_WARN_STRICT_PROTOTYPES = YES;
				CLANG_WARN_SUSPICIOUS_MOVE = YES;
				CLANG_WARN_UNGUARDED_AVAILABILITY = YES_AGGRESSIVE;
				CLANG_WARN_UNREACHABLE_CODE = YES;
				CLANG_WARN__DUPLICATE_METHOD_MATCH = YES;
				COPY_PHASE_STRIP = NO;
				DEBUG_INFORMATION_FORMAT = dwarf;
				ENABLE_STRICT_OBJC_MSGSEND = YES;
				ENABLE_TESTABILITY = YES;
				GCC_C_LANGUAGE_STANDARD = gnu11;
				GCC_DYNAMIC_NO_PIC = NO;
				GCC_NO_COMMON_BLOCKS = YES;
				GCC_OPTIMIZATION_LEVEL = 0;
				GCC_PREPROCESSOR_DEFINITIONS = (
					"DEBUG=1",
					"$(inherited)",
				);
				GCC_WARN_64_TO_32_BIT_CONVERSION = YES;
				GCC_WARN_ABOUT_RETURN_TYPE = YES_ERROR;
				GCC_WARN_UNDECLARED_SELECTOR = YES;
				GCC_WARN_UNINITIALIZED_AUTOS = YES_AGGRESSIVE;
				GCC_WARN_UNUSED_FUNCTION = YES;
				GCC_WARN_UNUSED_VARIABLE = YES;
				IPHONEOS_DEPLOYMENT_TARGET = 16.4;
				MTL_ENABLE_DEBUG_INFO = INCLUDE_SOURCE;
				MTL_FAST_MATH = YES;
				ONLY_ACTIVE_ARCH = YES;
				SDKROOT = iphoneos;
				SWIFT_ACTIVE_COMPILATION_CONDITIONS = DEBUG;
				SWIFT_OPTIMIZATION_LEVEL = "-Onone";
			};
			name = Debug;
		};
		CA68295029E4F2980070B906 /* Release */ = {
			isa = XCBuildConfiguration;
			buildSettings = {
				ALWAYS_SEARCH_USER_PATHS = NO;
				CLANG_ANALYZER_NONNULL = YES;
				CLANG_ANALYZER_NUMBER_OBJECT_CONVERSION = YES_AGGRESSIVE;
				CLANG_CXX_LANGUAGE_STANDARD = "gnu++20";
				CLANG_ENABLE_MODULES = YES;
				CLANG_ENABLE_OBJC_ARC = YES;
				CLANG_ENABLE_OBJC_WEAK = YES;
				CLANG_WARN_BLOCK_CAPTURE_AUTORELEASING = YES;
				CLANG_WARN_BOOL_CONVERSION = YES;
				CLANG_WARN_COMMA = YES;
				CLANG_WARN_CONSTANT_CONVERSION = YES;
				CLANG_WARN_DEPRECATED_OBJC_IMPLEMENTATIONS = YES;
				CLANG_WARN_DIRECT_OBJC_ISA_USAGE = YES_ERROR;
				CLANG_WARN_DOCUMENTATION_COMMENTS = YES;
				CLANG_WARN_EMPTY_BODY = YES;
				CLANG_WARN_ENUM_CONVERSION = YES;
				CLANG_WARN_INFINITE_RECURSION = YES;
				CLANG_WARN_INT_CONVERSION = YES;
				CLANG_WARN_NON_LITERAL_NULL_CONVERSION = YES;
				CLANG_WARN_OBJC_IMPLICIT_RETAIN_SELF = YES;
				CLANG_WARN_OBJC_LITERAL_CONVERSION = YES;
				CLANG_WARN_OBJC_ROOT_CLASS = YES_ERROR;
				CLANG_WARN_QUOTED_INCLUDE_IN_FRAMEWORK_HEADER = YES;
				CLANG_WARN_RANGE_LOOP_ANALYSIS = YES;
				CLANG_WARN_STRICT_PROTOTYPES = YES;
				CLANG_WARN_SUSPICIOUS_MOVE = YES;
				CLANG_WARN_UNGUARDED_AVAILABILITY = YES_AGGRESSIVE;
				CLANG_WARN_UNREACHABLE_CODE = YES;
				CLANG_WARN__DUPLICATE_METHOD_MATCH = YES;
				COPY_PHASE_STRIP = NO;
				DEBUG_INFORMATION_FORMAT = "dwarf-with-dsym";
				ENABLE_NS_ASSERTIONS = NO;
				ENABLE_STRICT_OBJC_MSGSEND = YES;
				GCC_C_LANGUAGE_STANDARD = gnu11;
				GCC_NO_COMMON_BLOCKS = YES;
				GCC_WARN_64_TO_32_BIT_CONVERSION = YES;
				GCC_WARN_ABOUT_RETURN_TYPE = YES_ERROR;
				GCC_WARN_UNDECLARED_SELECTOR = YES;
				GCC_WARN_UNINITIALIZED_AUTOS = YES_AGGRESSIVE;
				GCC_WARN_UNUSED_FUNCTION = YES;
				GCC_WARN_UNUSED_VARIABLE = YES;
				IPHONEOS_DEPLOYMENT_TARGET = 16.4;
				MTL_ENABLE_DEBUG_INFO = NO;
				MTL_FAST_MATH = YES;
				SDKROOT = iphoneos;
				SWIFT_COMPILATION_MODE = wholemodule;
				SWIFT_OPTIMIZATION_LEVEL = "-O";
				VALIDATE_PRODUCT = YES;
			};
			name = Release;
		};
		CA68295229E4F2980070B906 /* Debug */ = {
			isa = XCBuildConfiguration;
			buildSettings = {
				ASSETCATALOG_COMPILER_APPICON_NAME = AppIcon;
				ASSETCATALOG_COMPILER_GLOBAL_ACCENT_COLOR_NAME = AccentColor;
				CODE_SIGN_STYLE = Automatic;
				CURRENT_PROJECT_VERSION = 1;
				DEVELOPMENT_ASSET_PATHS = "\"Apple-Frameworks/Preview Content\"";
				DEVELOPMENT_TEAM = LTW8V26RS8;
				ENABLE_PREVIEWS = YES;
				GENERATE_INFOPLIST_FILE = YES;
				INFOPLIST_KEY_UIApplicationSceneManifest_Generation = YES;
				INFOPLIST_KEY_UIApplicationSupportsIndirectInputEvents = YES;
				INFOPLIST_KEY_UILaunchScreen_Generation = YES;
				INFOPLIST_KEY_UISupportedInterfaceOrientations_iPad = "UIInterfaceOrientationPortrait UIInterfaceOrientationPortraitUpsideDown UIInterfaceOrientationLandscapeLeft UIInterfaceOrientationLandscapeRight";
				INFOPLIST_KEY_UISupportedInterfaceOrientations_iPhone = "UIInterfaceOrientationPortrait UIInterfaceOrientationLandscapeLeft UIInterfaceOrientationLandscapeRight";
				LD_RUNPATH_SEARCH_PATHS = (
					"$(inherited)",
					"@executable_path/Frameworks",
				);
				MARKETING_VERSION = 1.0;
				PRODUCT_BUNDLE_IDENTIFIER = "tauantcamargo-lukyhenson.Apple-Frameworks";
				PRODUCT_NAME = "$(TARGET_NAME)";
				SWIFT_EMIT_LOC_STRINGS = YES;
				SWIFT_VERSION = 5.0;
				TARGETED_DEVICE_FAMILY = "1,2";
			};
			name = Debug;
		};
		CA68295329E4F2980070B906 /* Release */ = {
			isa = XCBuildConfiguration;
			buildSettings = {
				ASSETCATALOG_COMPILER_APPICON_NAME = AppIcon;
				ASSETCATALOG_COMPILER_GLOBAL_ACCENT_COLOR_NAME = AccentColor;
				CODE_SIGN_STYLE = Automatic;
				CURRENT_PROJECT_VERSION = 1;
				DEVELOPMENT_ASSET_PATHS = "\"Apple-Frameworks/Preview Content\"";
				DEVELOPMENT_TEAM = LTW8V26RS8;
				ENABLE_PREVIEWS = YES;
				GENERATE_INFOPLIST_FILE = YES;
				INFOPLIST_KEY_UIApplicationSceneManifest_Generation = YES;
				INFOPLIST_KEY_UIApplicationSupportsIndirectInputEvents = YES;
				INFOPLIST_KEY_UILaunchScreen_Generation = YES;
				INFOPLIST_KEY_UISupportedInterfaceOrientations_iPad = "UIInterfaceOrientationPortrait UIInterfaceOrientationPortraitUpsideDown UIInterfaceOrientationLandscapeLeft UIInterfaceOrientationLandscapeRight";
				INFOPLIST_KEY_UISupportedInterfaceOrientations_iPhone = "UIInterfaceOrientationPortrait UIInterfaceOrientationLandscapeLeft UIInterfaceOrientationLandscapeRight";
				LD_RUNPATH_SEARCH_PATHS = (
					"$(inherited)",
					"@executable_path/Frameworks",
				);
				MARKETING_VERSION = 1.0;
				PRODUCT_BUNDLE_IDENTIFIER = "tauantcamargo-lukyhenson.Apple-Frameworks";
				PRODUCT_NAME = "$(TARGET_NAME)";
				SWIFT_EMIT_LOC_STRINGS = YES;
				SWIFT_VERSION = 5.0;
				TARGETED_DEVICE_FAMILY = "1,2";
			};
			name = Release;
		};
/* End XCBuildConfiguration section */

/* Begin XCConfigurationList section */
		CA68293E29E4F2970070B906 /* Build configuration list for PBXProject "Apple-Frameworks" */ = {
			isa = XCConfigurationList;
			buildConfigurations = (
				CA68294F29E4F2980070B906 /* Debug */,
				CA68295029E4F2980070B906 /* Release */,
			);
			defaultConfigurationIsVisible = 0;
			defaultConfigurationName = Release;
		};
		CA68295129E4F2980070B906 /* Build configuration list for PBXNativeTarget "Apple-Frameworks" */ = {
			isa = XCConfigurationList;
			buildConfigurations = (
				CA68295229E4F2980070B906 /* Debug */,
				CA68295329E4F2980070B906 /* Release */,
			);
			defaultConfigurationIsVisible = 0;
			defaultConfigurationName = Release;
		};
/* End XCConfigurationList section */
	};
	rootObject = CA68293B29E4F2970070B906 /* Project object */;
}
